
Microsoft Visual Studio Solution File, Format Version 12.00
# Visual Studio Version 16
VisualStudioVersion = 16.0.30523.141
MinimumVisualStudioVersion = 10.0.40219.1
Project("{9A19103F-16F7-4668-BE54-9A1E7A4F7556}") = "Fastdo.backendsys", "Fastdo.backendsys.csproj", "{110AF05D-78E0-478D-85C6-1C2AC7AD5F77}"
EndProject
Project("{9A19103F-16F7-4668-BE54-9A1E7A4F7556}") = "Fastdo.Core", "Fastdo.Core\Fastdo.Core.csproj", "{A042D7DB-9117-41AD-948E-3033530EC748}"
EndProject
Global
	GlobalSection(SolutionConfigurationPlatforms) = preSolution
		Debug|Any CPU = Debug|Any CPU
		Release|Any CPU = Release|Any CPU
	EndGlobalSection
	GlobalSection(ProjectConfigurationPlatforms) = postSolution
		{110AF05D-78E0-478D-85C6-1C2AC7AD5F77}.Debug|Any CPU.ActiveCfg = Debug|Any CPU
		{110AF05D-78E0-478D-85C6-1C2AC7AD5F77}.Debug|Any CPU.Build.0 = Debug|Any CPU
		{110AF05D-78E0-478D-85C6-1C2AC7AD5F77}.Release|Any CPU.ActiveCfg = Release|Any CPU
		{110AF05D-78E0-478D-85C6-1C2AC7AD5F77}.Release|Any CPU.Build.0 = Release|Any CPU
		{A042D7DB-9117-41AD-948E-3033530EC748}.Debug|Any CPU.ActiveCfg = Debug|Any CPU
		{A042D7DB-9117-41AD-948E-3033530EC748}.Debug|Any CPU.Build.0 = Debug|Any CPU
		{A042D7DB-9117-41AD-948E-3033530EC748}.Release|Any CPU.ActiveCfg = Release|Any CPU
		{A042D7DB-9117-41AD-948E-3033530EC748}.Release|Any CPU.Build.0 = Release|Any CPU
	EndGlobalSection
	GlobalSection(SolutionProperties) = preSolution
		HideSolutionNode = FALSE
	EndGlobalSection
	GlobalSection(ExtensibilityGlobals) = postSolution
		SolutionGuid = {A8ED15ED-9AC7-4EC0-84F3-970FD61DE335}
	EndGlobalSection
EndGlobal
